
Microsoft Visual Studio Solution File, Format Version 12.00
# Visual Studio Version 16
VisualStudioVersion = 16.0.31729.503
MinimumVisualStudioVersion = 10.0.40219.1
Project("{9A19103F-16F7-4668-BE54-9A1E7A4F7556}") = "rs_drones", "rs_drones.csproj", "{B872280E-BAD7-4A91-B6BA-321519EDD497}"
EndProject
Global
	GlobalSection(SolutionConfigurationPlatforms) = preSolution
		Debug|Any CPU = Debug|Any CPU
		Release|Any CPU = Release|Any CPU
	EndGlobalSection
	GlobalSection(ProjectConfigurationPlatforms) = postSolution
		{B872280E-BAD7-4A91-B6BA-321519EDD497}.Debug|Any CPU.ActiveCfg = Debug|Any CPU
		{B872280E-BAD7-4A91-B6BA-321519EDD497}.Debug|Any CPU.Build.0 = Debug|Any CPU
		{B872280E-BAD7-4A91-B6BA-321519EDD497}.Release|Any CPU.ActiveCfg = Release|Any CPU
		{B872280E-BAD7-4A91-B6BA-321519EDD497}.Release|Any CPU.Build.0 = Release|Any CPU
	EndGlobalSection
	GlobalSection(SolutionProperties) = preSolution
		HideSolutionNode = FALSE
	EndGlobalSection
	GlobalSection(ExtensibilityGlobals) = postSolution
		SolutionGuid = {D6D1447E-7F1E-4820-97D3-2BDB7EB6392A}
	EndGlobalSection
EndGlobal
